
Microsoft Visual Studio Solution File, Format Version 12.00
# Visual Studio 15
VisualStudioVersion = 15.0.28307.1231
MinimumVisualStudioVersion = 10.0.40219.1
Project("{FAE04EC0-301F-11D3-BF4B-00C04F79EFBC}") = "MoulinetteArbres", "MoulinetteArbres\MoulinetteArbres.csproj", "{748D1A26-6D5F-4F4A-B891-668313B02C6E}"
EndProject
Global
	GlobalSection(SolutionConfigurationPlatforms) = preSolution
		Debug|Any CPU = Debug|Any CPU
		Release|Any CPU = Release|Any CPU
	EndGlobalSection
	GlobalSection(ProjectConfigurationPlatforms) = postSolution
		{748D1A26-6D5F-4F4A-B891-668313B02C6E}.Debug|Any CPU.ActiveCfg = Debug|Any CPU
		{748D1A26-6D5F-4F4A-B891-668313B02C6E}.Debug|Any CPU.Build.0 = Debug|Any CPU
		{748D1A26-6D5F-4F4A-B891-668313B02C6E}.Release|Any CPU.ActiveCfg = Release|Any CPU
		{748D1A26-6D5F-4F4A-B891-668313B02C6E}.Release|Any CPU.Build.0 = Release|Any CPU
	EndGlobalSection
	GlobalSection(SolutionProperties) = preSolution
		HideSolutionNode = FALSE
	EndGlobalSection
	GlobalSection(ExtensibilityGlobals) = postSolution
		SolutionGuid = {A6E09499-ECE6-4834-A5F1-05B3B0A1C508}
	EndGlobalSection
EndGlobal
